// !$*UTF8*$!
{
	archiveVersion = 1;
	classes = {
	};
	objectVersion = 50;
	objects = {

/* Begin PBXBuildFile section */
		4CFCDF7924BD25790041DA20 /* AppDelegate.swift in Sources */ = {isa = PBXBuildFile; fileRef = 4CFCDF7824BD25790041DA20 /* AppDelegate.swift */; };
		4CFCDF7B24BD25790041DA20 /* SceneDelegate.swift in Sources */ = {isa = PBXBuildFile; fileRef = 4CFCDF7A24BD25790041DA20 /* SceneDelegate.swift */; };
		4CFCDF7D24BD25790041DA20 /* ContentView.swift in Sources */ = {isa = PBXBuildFile; fileRef = 4CFCDF7C24BD25790041DA20 /* ContentView.swift */; };
		4CFCDF7F24BD257A0041DA20 /* Assets.xcassets in Resources */ = {isa = PBXBuildFile; fileRef = 4CFCDF7E24BD257A0041DA20 /* Assets.xcassets */; };
		4CFCDF8224BD257A0041DA20 /* Preview Assets.xcassets in Resources */ = {isa = PBXBuildFile; fileRef = 4CFCDF8124BD257A0041DA20 /* Preview Assets.xcassets */; };
		4CFCDF8524BD257A0041DA20 /* LaunchScreen.storyboard in Resources */ = {isa = PBXBuildFile; fileRef = 4CFCDF8324BD257A0041DA20 /* LaunchScreen.storyboard */; };
		4CFCDF9024BD257A0041DA20 /* KinematixTests.swift in Sources */ = {isa = PBXBuildFile; fileRef = 4CFCDF8F24BD257A0041DA20 /* KinematixTests.swift */; };
		4CFCDF9B24BD257A0041DA20 /* KinematixUITests.swift in Sources */ = {isa = PBXBuildFile; fileRef = 4CFCDF9A24BD257A0041DA20 /* KinematixUITests.swift */; };
/* End PBXBuildFile section */

/* Begin PBXContainerItemProxy section */
		4CFCDF8C24BD257A0041DA20 /* PBXContainerItemProxy */ = {
			isa = PBXContainerItemProxy;
			containerPortal = 4CFCDF6D24BD25790041DA20 /* Project object */;
			proxyType = 1;
			remoteGlobalIDString = 4CFCDF7424BD25790041DA20;
			remoteInfo = Kinematix;
		};
		4CFCDF9724BD257A0041DA20 /* PBXContainerItemProxy */ = {
			isa = PBXContainerItemProxy;
			containerPortal = 4CFCDF6D24BD25790041DA20 /* Project object */;
			proxyType = 1;
			remoteGlobalIDString = 4CFCDF7424BD25790041DA20;
			remoteInfo = Kinematix;
		};
/* End PBXContainerItemProxy section */

/* Begin PBXFileReference section */
		4CFCDF7524BD25790041DA20 /* Kinematix.app */ = {isa = PBXFileReference; explicitFileType = wrapper.application; includeInIndex = 0; path = Kinematix.app; sourceTree = BUILT_PRODUCTS_DIR; };
		4CFCDF7824BD25790041DA20 /* AppDelegate.swift */ = {isa = PBXFileReference; lastKnownFileType = sourcecode.swift; path = AppDelegate.swift; sourceTree = "<group>"; };
		4CFCDF7A24BD25790041DA20 /* SceneDelegate.swift */ = {isa = PBXFileReference; lastKnownFileType = sourcecode.swift; path = SceneDelegate.swift; sourceTree = "<group>"; };
		4CFCDF7C24BD25790041DA20 /* ContentView.swift */ = {isa = PBXFileReference; lastKnownFileType = sourcecode.swift; path = ContentView.swift; sourceTree = "<group>"; };
		4CFCDF7E24BD257A0041DA20 /* Assets.xcassets */ = {isa = PBXFileReference; lastKnownFileType = folder.assetcatalog; path = Assets.xcassets; sourceTree = "<group>"; };
		4CFCDF8124BD257A0041DA20 /* Preview Assets.xcassets */ = {isa = PBXFileReference; lastKnownFileType = folder.assetcatalog; path = "Preview Assets.xcassets"; sourceTree = "<group>"; };
		4CFCDF8424BD257A0041DA20 /* Base */ = {isa = PBXFileReference; lastKnownFileType = file.storyboard; name = Base; path = Base.lproj/LaunchScreen.storyboard; sourceTree = "<group>"; };
		4CFCDF8624BD257A0041DA20 /* Info.plist */ = {isa = PBXFileReference; lastKnownFileType = text.plist.xml; path = Info.plist; sourceTree = "<group>"; };
		4CFCDF8B24BD257A0041DA20 /* KinematixTests.xctest */ = {isa = PBXFileReference; explicitFileType = wrapper.cfbundle; includeInIndex = 0; path = KinematixTests.xctest; sourceTree = BUILT_PRODUCTS_DIR; };
		4CFCDF8F24BD257A0041DA20 /* KinematixTests.swift */ = {isa = PBXFileReference; lastKnownFileType = sourcecode.swift; path = KinematixTests.swift; sourceTree = "<group>"; };
		4CFCDF9124BD257A0041DA20 /* Info.plist */ = {isa = PBXFileReference; lastKnownFileType = text.plist.xml; path = Info.plist; sourceTree = "<group>"; };
		4CFCDF9624BD257A0041DA20 /* KinematixUITests.xctest */ = {isa = PBXFileReference; explicitFileType = wrapper.cfbundle; includeInIndex = 0; path = KinematixUITests.xctest; sourceTree = BUILT_PRODUCTS_DIR; };
		4CFCDF9A24BD257A0041DA20 /* KinematixUITests.swift */ = {isa = PBXFileReference; lastKnownFileType = sourcecode.swift; path = KinematixUITests.swift; sourceTree = "<group>"; };
		4CFCDF9C24BD257A0041DA20 /* Info.plist */ = {isa = PBXFileReference; lastKnownFileType = text.plist.xml; path = Info.plist; sourceTree = "<group>"; };
/* End PBXFileReference section */

/* Begin PBXFrameworksBuildPhase section */
		4CFCDF7224BD25790041DA20 /* Frameworks */ = {
			isa = PBXFrameworksBuildPhase;
			buildActionMask = 2147483647;
			files = (
			);
			runOnlyForDeploymentPostprocessing = 0;
		};
		4CFCDF8824BD257A0041DA20 /* Frameworks */ = {
			isa = PBXFrameworksBuildPhase;
			buildActionMask = 2147483647;
			files = (
			);
			runOnlyForDeploymentPostprocessing = 0;
		};
		4CFCDF9324BD257A0041DA20 /* Frameworks */ = {
			isa = PBXFrameworksBuildPhase;
			buildActionMask = 2147483647;
			files = (
			);
			runOnlyForDeploymentPostprocessing = 0;
		};
/* End PBXFrameworksBuildPhase section */

/* Begin PBXGroup section */
		4CFCDF6C24BD25790041DA20 = {
			isa = PBXGroup;
			children = (
				4CFCDF7724BD25790041DA20 /* Kinematix */,
				4CFCDF8E24BD257A0041DA20 /* KinematixTests */,
				4CFCDF9924BD257A0041DA20 /* KinematixUITests */,
				4CFCDF7624BD25790041DA20 /* Products */,
			);
			sourceTree = "<group>";
		};
		4CFCDF7624BD25790041DA20 /* Products */ = {
			isa = PBXGroup;
			children = (
				4CFCDF7524BD25790041DA20 /* Kinematix.app */,
				4CFCDF8B24BD257A0041DA20 /* KinematixTests.xctest */,
				4CFCDF9624BD257A0041DA20 /* KinematixUITests.xctest */,
			);
			name = Products;
			sourceTree = "<group>";
		};
		4CFCDF7724BD25790041DA20 /* Kinematix */ = {
			isa = PBXGroup;
			children = (
				4CFCDF7824BD25790041DA20 /* AppDelegate.swift */,
				4CFCDF7A24BD25790041DA20 /* SceneDelegate.swift */,
				4CFCDF7C24BD25790041DA20 /* ContentView.swift */,
				4CFCDF7E24BD257A0041DA20 /* Assets.xcassets */,
				4CFCDF8324BD257A0041DA20 /* LaunchScreen.storyboard */,
				4CFCDF8624BD257A0041DA20 /* Info.plist */,
				4CFCDF8024BD257A0041DA20 /* Preview Content */,
			);
			path = Kinematix;
			sourceTree = "<group>";
		};
		4CFCDF8024BD257A0041DA20 /* Preview Content */ = {
			isa = PBXGroup;
			children = (
				4CFCDF8124BD257A0041DA20 /* Preview Assets.xcassets */,
			);
			path = "Preview Content";
			sourceTree = "<group>";
		};
		4CFCDF8E24BD257A0041DA20 /* KinematixTests */ = {
			isa = PBXGroup;
			children = (
				4CFCDF8F24BD257A0041DA20 /* KinematixTests.swift */,
				4CFCDF9124BD257A0041DA20 /* Info.plist */,
			);
			path = KinematixTests;
			sourceTree = "<group>";
		};
		4CFCDF9924BD257A0041DA20 /* KinematixUITests */ = {
			isa = PBXGroup;
			children = (
				4CFCDF9A24BD257A0041DA20 /* KinematixUITests.swift */,
				4CFCDF9C24BD257A0041DA20 /* Info.plist */,
			);
			path = KinematixUITests;
			sourceTree = "<group>";
		};
/* End PBXGroup section */

/* Begin PBXNativeTarget section */
		4CFCDF7424BD25790041DA20 /* Kinematix */ = {
			isa = PBXNativeTarget;
			buildConfigurationList = 4CFCDF9F24BD257A0041DA20 /* Build configuration list for PBXNativeTarget "Kinematix" */;
			buildPhases = (
				4CFCDF7124BD25790041DA20 /* Sources */,
				4CFCDF7224BD25790041DA20 /* Frameworks */,
				4CFCDF7324BD25790041DA20 /* Resources */,
			);
			buildRules = (
			);
			dependencies = (
			);
			name = Kinematix;
			productName = Kinematix;
			productReference = 4CFCDF7524BD25790041DA20 /* Kinematix.app */;
			productType = "com.apple.product-type.application";
		};
		4CFCDF8A24BD257A0041DA20 /* KinematixTests */ = {
			isa = PBXNativeTarget;
			buildConfigurationList = 4CFCDFA224BD257A0041DA20 /* Build configuration list for PBXNativeTarget "KinematixTests" */;
			buildPhases = (
				4CFCDF8724BD257A0041DA20 /* Sources */,
				4CFCDF8824BD257A0041DA20 /* Frameworks */,
				4CFCDF8924BD257A0041DA20 /* Resources */,
			);
			buildRules = (
			);
			dependencies = (
				4CFCDF8D24BD257A0041DA20 /* PBXTargetDependency */,
			);
			name = KinematixTests;
			productName = KinematixTests;
			productReference = 4CFCDF8B24BD257A0041DA20 /* KinematixTests.xctest */;
			productType = "com.apple.product-type.bundle.unit-test";
		};
		4CFCDF9524BD257A0041DA20 /* KinematixUITests */ = {
			isa = PBXNativeTarget;
			buildConfigurationList = 4CFCDFA524BD257A0041DA20 /* Build configuration list for PBXNativeTarget "KinematixUITests" */;
			buildPhases = (
				4CFCDF9224BD257A0041DA20 /* Sources */,
				4CFCDF9324BD257A0041DA20 /* Frameworks */,
				4CFCDF9424BD257A0041DA20 /* Resources */,
			);
			buildRules = (
			);
			dependencies = (
				4CFCDF9824BD257A0041DA20 /* PBXTargetDependency */,
			);
			name = KinematixUITests;
			productName = KinematixUITests;
			productReference = 4CFCDF9624BD257A0041DA20 /* KinematixUITests.xctest */;
			productType = "com.apple.product-type.bundle.ui-testing";
		};
/* End PBXNativeTarget section */

/* Begin PBXProject section */
		4CFCDF6D24BD25790041DA20 /* Project object */ = {
			isa = PBXProject;
			attributes = {
				LastSwiftUpdateCheck = 1150;
				LastUpgradeCheck = 1150;
				ORGANIZATIONNAME = Kinematix;
				TargetAttributes = {
					4CFCDF7424BD25790041DA20 = {
						CreatedOnToolsVersion = 11.5;
					};
					4CFCDF8A24BD257A0041DA20 = {
						CreatedOnToolsVersion = 11.5;
						TestTargetID = 4CFCDF7424BD25790041DA20;
					};
					4CFCDF9524BD257A0041DA20 = {
						CreatedOnToolsVersion = 11.5;
						TestTargetID = 4CFCDF7424BD25790041DA20;
					};
				};
			};
			buildConfigurationList = 4CFCDF7024BD25790041DA20 /* Build configuration list for PBXProject "Kinematix" */;
			compatibilityVersion = "Xcode 9.3";
			developmentRegion = en;
			hasScannedForEncodings = 0;
			knownRegions = (
				en,
				Base,
			);
			mainGroup = 4CFCDF6C24BD25790041DA20;
			productRefGroup = 4CFCDF7624BD25790041DA20 /* Products */;
			projectDirPath = "";
			projectRoot = "";
			targets = (
				4CFCDF7424BD25790041DA20 /* Kinematix */,
				4CFCDF8A24BD257A0041DA20 /* KinematixTests */,
				4CFCDF9524BD257A0041DA20 /* KinematixUITests */,
			);
		};
/* End PBXProject section */

/* Begin PBXResourcesBuildPhase section */
		4CFCDF7324BD25790041DA20 /* Resources */ = {
			isa = PBXResourcesBuildPhase;
			buildActionMask = 2147483647;
			files = (
				4CFCDF8524BD257A0041DA20 /* LaunchScreen.storyboard in Resources */,
				4CFCDF8224BD257A0041DA20 /* Preview Assets.xcassets in Resources */,
				4CFCDF7F24BD257A0041DA20 /* Assets.xcassets in Resources */,
			);
			runOnlyForDeploymentPostprocessing = 0;
		};
		4CFCDF8924BD257A0041DA20 /* Resources */ = {
			isa = PBXResourcesBuildPhase;
			buildActionMask = 2147483647;
			files = (
			);
			runOnlyForDeploymentPostprocessing = 0;
		};
		4CFCDF9424BD257A0041DA20 /* Resources */ = {
			isa = PBXResourcesBuildPhase;
			buildActionMask = 2147483647;
			files = (
			);
			runOnlyForDeploymentPostprocessing = 0;
		};
/* End PBXResourcesBuildPhase section */

/* Begin PBXSourcesBuildPhase section */
		4CFCDF7124BD25790041DA20 /* Sources */ = {
			isa = PBXSourcesBuildPhase;
			buildActionMask = 2147483647;
			files = (
				4CFCDF7924BD25790041DA20 /* AppDelegate.swift in Sources */,
				4CFCDF7B24BD25790041DA20 /* SceneDelegate.swift in Sources */,
				4CFCDF7D24BD25790041DA20 /* ContentView.swift in Sources */,
			);
			runOnlyForDeploymentPostprocessing = 0;
		};
		4CFCDF8724BD257A0041DA20 /* Sources */ = {
			isa = PBXSourcesBuildPhase;
			buildActionMask = 2147483647;
			files = (
				4CFCDF9024BD257A0041DA20 /* KinematixTests.swift in Sources */,
			);
			runOnlyForDeploymentPostprocessing = 0;
		};
		4CFCDF9224BD257A0041DA20 /* Sources */ = {
			isa = PBXSourcesBuildPhase;
			buildActionMask = 2147483647;
			files = (
				4CFCDF9B24BD257A0041DA20 /* KinematixUITests.swift in Sources */,
			);
			runOnlyForDeploymentPostprocessing = 0;
		};
/* End PBXSourcesBuildPhase section */

/* Begin PBXTargetDependency section */
		4CFCDF8D24BD257A0041DA20 /* PBXTargetDependency */ = {
			isa = PBXTargetDependency;
			target = 4CFCDF7424BD25790041DA20 /* Kinematix */;
			targetProxy = 4CFCDF8C24BD257A0041DA20 /* PBXContainerItemProxy */;
		};
		4CFCDF9824BD257A0041DA20 /* PBXTargetDependency */ = {
			isa = PBXTargetDependency;
			target = 4CFCDF7424BD25790041DA20 /* Kinematix */;
			targetProxy = 4CFCDF9724BD257A0041DA20 /* PBXContainerItemProxy */;
		};
/* End PBXTargetDependency section */

/* Begin PBXVariantGroup section */
		4CFCDF8324BD257A0041DA20 /* LaunchScreen.storyboard */ = {
			isa = PBXVariantGroup;
			children = (
				4CFCDF8424BD257A0041DA20 /* Base */,
			);
			name = LaunchScreen.storyboard;
			sourceTree = "<group>";
		};
/* End PBXVariantGroup section */

/* Begin XCBuildConfiguration section */
		4CFCDF9D24BD257A0041DA20 /* Debug */ = {
			isa = XCBuildConfiguration;
			buildSettings = {
				ALWAYS_SEARCH_USER_PATHS = NO;
				CLANG_ANALYZER_NONNULL = YES;
				CLANG_ANALYZER_NUMBER_OBJECT_CONVERSION = YES_AGGRESSIVE;
				CLANG_CXX_LANGUAGE_STANDARD = "gnu++14";
				CLANG_CXX_LIBRARY = "libc++";
				CLANG_ENABLE_MODULES = YES;
				CLANG_ENABLE_OBJC_ARC = YES;
				CLANG_ENABLE_OBJC_WEAK = YES;
				CLANG_WARN_BLOCK_CAPTURE_AUTORELEASING = YES;
				CLANG_WARN_BOOL_CONVERSION = YES;
				CLANG_WARN_COMMA = YES;
				CLANG_WARN_CONSTANT_CONVERSION = YES;
				CLANG_WARN_DEPRECATED_OBJC_IMPLEMENTATIONS = YES;
				CLANG_WARN_DIRECT_OBJC_ISA_USAGE = YES_ERROR;
				CLANG_WARN_DOCUMENTATION_COMMENTS = YES;
				CLANG_WARN_EMPTY_BODY = YES;
				CLANG_WARN_ENUM_CONVERSION = YES;
				CLANG_WARN_INFINITE_RECURSION = YES;
				CLANG_WARN_INT_CONVERSION = YES;
				CLANG_WARN_NON_LITERAL_NULL_CONVERSION = YES;
				CLANG_WARN_OBJC_IMPLICIT_RETAIN_SELF = YES;
				CLANG_WARN_OBJC_LITERAL_CONVERSION = YES;
				CLANG_WARN_OBJC_ROOT_CLASS = YES_ERROR;
				CLANG_WARN_RANGE_LOOP_ANALYSIS = YES;
				CLANG_WARN_STRICT_PROTOTYPES = YES;
				CLANG_WARN_SUSPICIOUS_MOVE = YES;
				CLANG_WARN_UNGUARDED_AVAILABILITY = YES_AGGRESSIVE;
				CLANG_WARN_UNREACHABLE_CODE = YES;
				CLANG_WARN__DUPLICATE_METHOD_MATCH = YES;
				COPY_PHASE_STRIP = NO;
				DEBUG_INFORMATION_FORMAT = dwarf;
				ENABLE_STRICT_OBJC_MSGSEND = YES;
				ENABLE_TESTABILITY = YES;
				GCC_C_LANGUAGE_STANDARD = gnu11;
				GCC_DYNAMIC_NO_PIC = NO;
				GCC_NO_COMMON_BLOCKS = YES;
				GCC_OPTIMIZATION_LEVEL = 0;
				GCC_PREPROCESSOR_DEFINITIONS = (
					"DEBUG=1",
					"$(inherited)",
				);
				GCC_WARN_64_TO_32_BIT_CONVERSION = YES;
				GCC_WARN_ABOUT_RETURN_TYPE = YES_ERROR;
				GCC_WARN_UNDECLARED_SELECTOR = YES;
				GCC_WARN_UNINITIALIZED_AUTOS = YES_AGGRESSIVE;
				GCC_WARN_UNUSED_FUNCTION = YES;
				GCC_WARN_UNUSED_VARIABLE = YES;
				IPHONEOS_DEPLOYMENT_TARGET = 13.5;
				MTL_ENABLE_DEBUG_INFO = INCLUDE_SOURCE;
				MTL_FAST_MATH = YES;
				ONLY_ACTIVE_ARCH = YES;
				SDKROOT = iphoneos;
				SWIFT_ACTIVE_COMPILATION_CONDITIONS = DEBUG;
				SWIFT_OPTIMIZATION_LEVEL = "-Onone";
			};
			name = Debug;
		};
		4CFCDF9E24BD257A0041DA20 /* Release */ = {
			isa = XCBuildConfiguration;
			buildSettings = {
				ALWAYS_SEARCH_USER_PATHS = NO;
				CLANG_ANALYZER_NONNULL = YES;
				CLANG_ANALYZER_NUMBER_OBJECT_CONVERSION = YES_AGGRESSIVE;
				CLANG_CXX_LANGUAGE_STANDARD = "gnu++14";
				CLANG_CXX_LIBRARY = "libc++";
				CLANG_ENABLE_MODULES = YES;
				CLANG_ENABLE_OBJC_ARC = YES;
				CLANG_ENABLE_OBJC_WEAK = YES;
				CLANG_WARN_BLOCK_CAPTURE_AUTORELEASING = YES;
				CLANG_WARN_BOOL_CONVERSION = YES;
				CLANG_WARN_COMMA = YES;
				CLANG_WARN_CONSTANT_CONVERSION = YES;
				CLANG_WARN_DEPRECATED_OBJC_IMPLEMENTATIONS = YES;
				CLANG_WARN_DIRECT_OBJC_ISA_USAGE = YES_ERROR;
				CLANG_WARN_DOCUMENTATION_COMMENTS = YES;
				CLANG_WARN_EMPTY_BODY = YES;
				CLANG_WARN_ENUM_CONVERSION = YES;
				CLANG_WARN_INFINITE_RECURSION = YES;
				CLANG_WARN_INT_CONVERSION = YES;
				CLANG_WARN_NON_LITERAL_NULL_CONVERSION = YES;
				CLANG_WARN_OBJC_IMPLICIT_RETAIN_SELF = YES;
				CLANG_WARN_OBJC_LITERAL_CONVERSION = YES;
				CLANG_WARN_OBJC_ROOT_CLASS = YES_ERROR;
				CLANG_WARN_RANGE_LOOP_ANALYSIS = YES;
				CLANG_WARN_STRICT_PROTOTYPES = YES;
				CLANG_WARN_SUSPICIOUS_MOVE = YES;
				CLANG_WARN_UNGUARDED_AVAILABILITY = YES_AGGRESSIVE;
				CLANG_WARN_UNREACHABLE_CODE = YES;
				CLANG_WARN__DUPLICATE_METHOD_MATCH = YES;
				COPY_PHASE_STRIP = NO;
				DEBUG_INFORMATION_FORMAT = "dwarf-with-dsym";
				ENABLE_NS_ASSERTIONS = NO;
				ENABLE_STRICT_OBJC_MSGSEND = YES;
				GCC_C_LANGUAGE_STANDARD = gnu11;
				GCC_NO_COMMON_BLOCKS = YES;
				GCC_WARN_64_TO_32_BIT_CONVERSION = YES;
				GCC_WARN_ABOUT_RETURN_TYPE = YES_ERROR;
				GCC_WARN_UNDECLARED_SELECTOR = YES;
				GCC_WARN_UNINITIALIZED_AUTOS = YES_AGGRESSIVE;
				GCC_WARN_UNUSED_FUNCTION = YES;
				GCC_WARN_UNUSED_VARIABLE = YES;
				IPHONEOS_DEPLOYMENT_TARGET = 13.5;
				MTL_ENABLE_DEBUG_INFO = NO;
				MTL_FAST_MATH = YES;
				SDKROOT = iphoneos;
				SWIFT_COMPILATION_MODE = wholemodule;
				SWIFT_OPTIMIZATION_LEVEL = "-O";
				VALIDATE_PRODUCT = YES;
			};
			name = Release;
		};
		4CFCDFA024BD257A0041DA20 /* Debug */ = {
			isa = XCBuildConfiguration;
			buildSettings = {
				ASSETCATALOG_COMPILER_APPICON_NAME = AppIcon;
				CODE_SIGN_STYLE = Automatic;
				DEVELOPMENT_ASSET_PATHS = "\"Kinematix/Preview Content\"";
				DEVELOPMENT_TEAM = D84X28S376;
				ENABLE_PREVIEWS = YES;
				INFOPLIST_FILE = Kinematix/Info.plist;
				LD_RUNPATH_SEARCH_PATHS = (
					"$(inherited)",
					"@executable_path/Frameworks",
				);
				PRODUCT_BUNDLE_IDENTIFIER = kinematix.Kinematix;
				PRODUCT_NAME = "$(TARGET_NAME)";
				SWIFT_VERSION = 5.0;
				TARGETED_DEVICE_FAMILY = "1,2";
			};
			name = Debug;
		};
		4CFCDFA124BD257A0041DA20 /* Release */ = {
			isa = XCBuildConfiguration;
			buildSettings = {
				ASSETCATALOG_COMPILER_APPICON_NAME = AppIcon;
				CODE_SIGN_STYLE = Automatic;
				DEVELOPMENT_ASSET_PATHS = "\"Kinematix/Preview Content\"";
				DEVELOPMENT_TEAM = D84X28S376;
				ENABLE_PREVIEWS = YES;
				INFOPLIST_FILE = Kinematix/Info.plist;
				LD_RUNPATH_SEARCH_PATHS = (
					"$(inherited)",
					"@executable_path/Frameworks",
				);
				PRODUCT_BUNDLE_IDENTIFIER = kinematix.Kinematix;
				PRODUCT_NAME = "$(TARGET_NAME)";
				SWIFT_VERSION = 5.0;
				TARGETED_DEVICE_FAMILY = "1,2";
			};
			name = Release;
		};
		4CFCDFA324BD257A0041DA20 /* Debug */ = {
			isa = XCBuildConfiguration;
			buildSettings = {
				ALWAYS_EMBED_SWIFT_STANDARD_LIBRARIES = YES;
				BUNDLE_LOADER = "$(TEST_HOST)";
				CODE_SIGN_STYLE = Automatic;
				DEVELOPMENT_TEAM = D84X28S376;
				INFOPLIST_FILE = KinematixTests/Info.plist;
				IPHONEOS_DEPLOYMENT_TARGET = 13.5;
				LD_RUNPATH_SEARCH_PATHS = (
					"$(inherited)",
					"@executable_path/Frameworks",
					"@loader_path/Frameworks",
				);
				PRODUCT_BUNDLE_IDENTIFIER = kinematix.KinematixTests;
				PRODUCT_NAME = "$(TARGET_NAME)";
				SWIFT_VERSION = 5.0;
				TARGETED_DEVICE_FAMILY = "1,2";
				TEST_HOST = "$(BUILT_PRODUCTS_DIR)/Kinematix.app/Kinematix";
			};
			name = Debug;
		};
		4CFCDFA424BD257A0041DA20 /* Release */ = {
			isa = XCBuildConfiguration;
			buildSettings = {
				ALWAYS_EMBED_SWIFT_STANDARD_LIBRARIES = YES;
				BUNDLE_LOADER = "$(TEST_HOST)";
				CODE_SIGN_STYLE = Automatic;
				DEVELOPMENT_TEAM = D84X28S376;
				INFOPLIST_FILE = KinematixTests/Info.plist;
				IPHONEOS_DEPLOYMENT_TARGET = 13.5;
				LD_RUNPATH_SEARCH_PATHS = (
					"$(inherited)",
					"@executable_path/Frameworks",
					"@loader_path/Frameworks",
				);
				PRODUCT_BUNDLE_IDENTIFIER = kinematix.KinematixTests;
				PRODUCT_NAME = "$(TARGET_NAME)";
				SWIFT_VERSION = 5.0;
				TARGETED_DEVICE_FAMILY = "1,2";
				TEST_HOST = "$(BUILT_PRODUCTS_DIR)/Kinematix.app/Kinematix";
			};
			name = Release;
		};
		4CFCDFA624BD257A0041DA20 /* Debug */ = {
			isa = XCBuildConfiguration;
			buildSettings = {
				ALWAYS_EMBED_SWIFT_STANDARD_LIBRARIES = YES;
				CODE_SIGN_STYLE = Automatic;
				DEVELOPMENT_TEAM = D84X28S376;
				INFOPLIST_FILE = KinematixUITests/Info.plist;
				LD_RUNPATH_SEARCH_PATHS = (
					"$(inherited)",
					"@executable_path/Frameworks",
					"@loader_path/Frameworks",
				);
				PRODUCT_BUNDLE_IDENTIFIER = kinematix.KinematixUITests;
				PRODUCT_NAME = "$(TARGET_NAME)";
				SWIFT_VERSION = 5.0;
				TARGETED_DEVICE_FAMILY = "1,2";
				TEST_TARGET_NAME = Kinematix;
			};
			name = Debug;
		};
		4CFCDFA724BD257A0041DA20 /* Release */ = {
			isa = XCBuildConfiguration;
			buildSettings = {
				ALWAYS_EMBED_SWIFT_STANDARD_LIBRARIES = YES;
				CODE_SIGN_STYLE = Automatic;
				DEVELOPMENT_TEAM = D84X28S376;
				INFOPLIST_FILE = KinematixUITests/Info.plist;
				LD_RUNPATH_SEARCH_PATHS = (
					"$(inherited)",
					"@executable_path/Frameworks",
					"@loader_path/Frameworks",
				);
				PRODUCT_BUNDLE_IDENTIFIER = kinematix.KinematixUITests;
				PRODUCT_NAME = "$(TARGET_NAME)";
				SWIFT_VERSION = 5.0;
				TARGETED_DEVICE_FAMILY = "1,2";
				TEST_TARGET_NAME = Kinematix;
			};
			name = Release;
		};
/* End XCBuildConfiguration section */

/* Begin XCConfigurationList section */
		4CFCDF7024BD25790041DA20 /* Build configuration list for PBXProject "Kinematix" */ = {
			isa = XCConfigurationList;
			buildConfigurations = (
				4CFCDF9D24BD257A0041DA20 /* Debug */,
				4CFCDF9E24BD257A0041DA20 /* Release */,
			);
			defaultConfigurationIsVisible = 0;
			defaultConfigurationName = Release;
		};
		4CFCDF9F24BD257A0041DA20 /* Build configuration list for PBXNativeTarget "Kinematix" */ = {
			isa = XCConfigurationList;
			buildConfigurations = (
				4CFCDFA024BD257A0041DA20 /* Debug */,
				4CFCDFA124BD257A0041DA20 /* Release */,
			);
			defaultConfigurationIsVisible = 0;
			defaultConfigurationName = Release;
		};
		4CFCDFA224BD257A0041DA20 /* Build configuration list for PBXNativeTarget "KinematixTests" */ = {
			isa = XCConfigurationList;
			buildConfigurations = (
				4CFCDFA324BD257A0041DA20 /* Debug */,
				4CFCDFA424BD257A0041DA20 /* Release */,
			);
			defaultConfigurationIsVisible = 0;
			defaultConfigurationName = Release;
		};
		4CFCDFA524BD257A0041DA20 /* Build configuration list for PBXNativeTarget "KinematixUITests" */ = {
			isa = XCConfigurationList;
			buildConfigurations = (
				4CFCDFA624BD257A0041DA20 /* Debug */,
				4CFCDFA724BD257A0041DA20 /* Release */,
			);
			defaultConfigurationIsVisible = 0;
			defaultConfigurationName = Release;
		};
/* End XCConfigurationList section */
	};
	rootObject = 4CFCDF6D24BD25790041DA20 /* Project object */;
}
